// !$*UTF8*$!
{
	archiveVersion = 1;
	classes = {
	};
	objectVersion = 77;
	objects = {

/* Begin PBXBuildFile section */
		D00BB9042D4009FA00ED9CD9 /* SwiftUINavigation in Frameworks */ = {isa = PBXBuildFile; productRef = D00BB9032D4009FA00ED9CD9 /* SwiftUINavigation */; };
		D05F77D42D5913420089CF14 /* Shared in Frameworks */ = {isa = PBXBuildFile; productRef = D05F77D32D5913420089CF14 /* Shared */; };
		D071124A2D59194900320732 /* Subscription in Frameworks */ = {isa = PBXBuildFile; productRef = D07112492D59194900320732 /* Subscription */; };
		D071124D2D59195700320732 /* OnboardingQuestion in Frameworks */ = {isa = PBXBuildFile; productRef = D071124C2D59195700320732 /* OnboardingQuestion */; };
		D07112502D59195E00320732 /* OnboardingResult in Frameworks */ = {isa = PBXBuildFile; productRef = D071124F2D59195E00320732 /* OnboardingResult */; };
		D07112542D591A9000320732 /* Shared in Frameworks */ = {isa = PBXBuildFile; productRef = D07112532D591A9000320732 /* Shared */; };
		D09DB6102D32F5040050E44C /* Waiting in Frameworks */ = {isa = PBXBuildFile; productRef = D09DB60F2D32F5040050E44C /* Waiting */; };
		D0EB4DC22CD6420D0052F1AC /* App in Frameworks */ = {isa = PBXBuildFile; productRef = D0EB4DC12CD6420D0052F1AC /* App */; };
/* End PBXBuildFile section */

/* Begin PBXFileReference section */
		D04318B22CC8D7430077101C /* Examples.app */ = {isa = PBXFileReference; explicitFileType = wrapper.application; includeInIndex = 0; path = Examples.app; sourceTree = BUILT_PRODUCTS_DIR; };
/* End PBXFileReference section */

/* Begin PBXFileSystemSynchronizedBuildFileExceptionSet section */
		D04319402CC8E9A10077101C /* Exceptions for "Examples" folder in "Examples" target */ = {
			isa = PBXFileSystemSynchronizedBuildFileExceptionSet;
			membershipExceptions = (
				Modules/App,
				Modules/CustomConfirmationDialog,
				Modules/CustomNavigationBar,
				Modules/LockedApp,
				Modules/MainTabs,
				Modules/OnboardingQuestion,
				Modules/Start,
				Modules/Subscription,
				Modules/SubscriptionFreemium,
				Modules/SubscriptionPremium,
				Resources/Info.plist,
				Shared/Shared,
			);
			target = D04318B12CC8D7430077101C /* Examples */;
		};
/* End PBXFileSystemSynchronizedBuildFileExceptionSet section */

/* Begin PBXFileSystemSynchronizedRootGroup section */
		D04318B42CC8D7430077101C /* Examples */ = {
			isa = PBXFileSystemSynchronizedRootGroup;
			exceptions = (
				D04319402CC8E9A10077101C /* Exceptions for "Examples" folder in "Examples" target */,
			);
			path = Examples;
			sourceTree = "<group>";
		};
/* End PBXFileSystemSynchronizedRootGroup section */

/* Begin PBXFrameworksBuildPhase section */
		D04318AF2CC8D7430077101C /* Frameworks */ = {
			isa = PBXFrameworksBuildPhase;
			buildActionMask = 2147483647;
			files = (
				D0EB4DC22CD6420D0052F1AC /* App in Frameworks */,
				D071124D2D59195700320732 /* OnboardingQuestion in Frameworks */,
				D07112502D59195E00320732 /* OnboardingResult in Frameworks */,
				D09DB6102D32F5040050E44C /* Waiting in Frameworks */,
				D00BB9042D4009FA00ED9CD9 /* SwiftUINavigation in Frameworks */,
				D07112542D591A9000320732 /* Shared in Frameworks */,
				D071124A2D59194900320732 /* Subscription in Frameworks */,
				D05F77D42D5913420089CF14 /* Shared in Frameworks */,
			);
			runOnlyForDeploymentPostprocessing = 0;
		};
/* End PBXFrameworksBuildPhase section */

/* Begin PBXGroup section */
		D04318A92CC8D7430077101C = {
			isa = PBXGroup;
			children = (
				D04318B42CC8D7430077101C /* Examples */,
				D09DB6122D32F6440050E44C /* Frameworks */,
				D04318B32CC8D7430077101C /* Products */,
			);
			sourceTree = "<group>";
		};
		D04318B32CC8D7430077101C /* Products */ = {
			isa = PBXGroup;
			children = (
				D04318B22CC8D7430077101C /* Examples.app */,
			);
			name = Products;
			sourceTree = "<group>";
		};
		D09DB6122D32F6440050E44C /* Frameworks */ = {
			isa = PBXGroup;
			children = (
			);
			name = Frameworks;
			sourceTree = "<group>";
		};
/* End PBXGroup section */

/* Begin PBXNativeTarget section */
		D04318B12CC8D7430077101C /* Examples */ = {
			isa = PBXNativeTarget;
			buildConfigurationList = D04318C22CC8D7440077101C /* Build configuration list for PBXNativeTarget "Examples" */;
			buildPhases = (
				D04318AE2CC8D7430077101C /* Sources */,
				D04318AF2CC8D7430077101C /* Frameworks */,
				D04318B02CC8D7430077101C /* Resources */,
			);
			buildRules = (
			);
			dependencies = (
			);
			fileSystemSynchronizedGroups = (
				D04318B42CC8D7430077101C /* Examples */,
			);
			name = Examples;
			packageProductDependencies = (
				D0EB4DC12CD6420D0052F1AC /* App */,
				D09DB60F2D32F5040050E44C /* Waiting */,
				D00BB9032D4009FA00ED9CD9 /* SwiftUINavigation */,
				D05F77D32D5913420089CF14 /* Shared */,
				D07112492D59194900320732 /* Subscription */,
				D071124C2D59195700320732 /* OnboardingQuestion */,
				D071124F2D59195E00320732 /* OnboardingResult */,
				D07112532D591A9000320732 /* Shared */,
			);
			productName = Examples;
			productReference = D04318B22CC8D7430077101C /* Examples.app */;
			productType = "com.apple.product-type.application";
		};
/* End PBXNativeTarget section */

/* Begin PBXProject section */
		D04318AA2CC8D7430077101C /* Project object */ = {
			isa = PBXProject;
			attributes = {
				BuildIndependentTargetsInParallel = 1;
				LastSwiftUpdateCheck = 1600;
				LastUpgradeCheck = 1600;
				TargetAttributes = {
					D04318B12CC8D7430077101C = {
						CreatedOnToolsVersion = 16.0;
					};
				};
			};
			buildConfigurationList = D04318AD2CC8D7430077101C /* Build configuration list for PBXProject "Examples" */;
			developmentRegion = en;
			hasScannedForEncodings = 0;
			knownRegions = (
				en,
				Base,
			);
			mainGroup = D04318A92CC8D7430077101C;
			minimizedProjectReferenceProxies = 1;
			packageReferences = (
				D0EB4DC02CD6420D0052F1AC /* XCLocalSwiftPackageReference "Examples/Modules/App" */,
				D09DB60E2D32F5040050E44C /* XCLocalSwiftPackageReference "Examples/Modules/Waiting" */,
				D00BB9022D4009FA00ED9CD9 /* XCLocalSwiftPackageReference "../SwiftUINavigation" */,
				D07112482D59194900320732 /* XCLocalSwiftPackageReference "Examples/Modules/Subscription" */,
				D071124B2D59195700320732 /* XCLocalSwiftPackageReference "Examples/Modules/OnboardingQuestion" */,
				D071124E2D59195E00320732 /* XCLocalSwiftPackageReference "Examples/Modules/OnboardingResult" */,
				D07112522D591A9000320732 /* XCLocalSwiftPackageReference "Examples/Shared/Shared" */,
			);
			preferredProjectObjectVersion = 77;
			productRefGroup = D04318B32CC8D7430077101C /* Products */;
			projectDirPath = "";
			projectRoot = "";
			targets = (
				D04318B12CC8D7430077101C /* Examples */,
			);
		};
/* End PBXProject section */

/* Begin PBXResourcesBuildPhase section */
		D04318B02CC8D7430077101C /* Resources */ = {
			isa = PBXResourcesBuildPhase;
			buildActionMask = 2147483647;
			files = (
			);
			runOnlyForDeploymentPostprocessing = 0;
		};
/* End PBXResourcesBuildPhase section */

/* Begin PBXSourcesBuildPhase section */
		D04318AE2CC8D7430077101C /* Sources */ = {
			isa = PBXSourcesBuildPhase;
			buildActionMask = 2147483647;
			files = (
			);
			runOnlyForDeploymentPostprocessing = 0;
		};
/* End PBXSourcesBuildPhase section */

/* Begin XCBuildConfiguration section */
		D04318C02CC8D7440077101C /* Debug */ = {
			isa = XCBuildConfiguration;
			buildSettings = {
				ALWAYS_SEARCH_USER_PATHS = NO;
				ASSETCATALOG_COMPILER_GENERATE_SWIFT_ASSET_SYMBOL_EXTENSIONS = YES;
				CLANG_ANALYZER_NONNULL = YES;
				CLANG_ANALYZER_NUMBER_OBJECT_CONVERSION = YES_AGGRESSIVE;
				CLANG_CXX_LANGUAGE_STANDARD = "gnu++20";
				CLANG_ENABLE_MODULES = YES;
				CLANG_ENABLE_OBJC_ARC = YES;
				CLANG_ENABLE_OBJC_WEAK = YES;
				CLANG_WARN_BLOCK_CAPTURE_AUTORELEASING = YES;
				CLANG_WARN_BOOL_CONVERSION = YES;
				CLANG_WARN_COMMA = YES;
				CLANG_WARN_CONSTANT_CONVERSION = YES;
				CLANG_WARN_DEPRECATED_OBJC_IMPLEMENTATIONS = YES;
				CLANG_WARN_DIRECT_OBJC_ISA_USAGE = YES_ERROR;
				CLANG_WARN_DOCUMENTATION_COMMENTS = YES;
				CLANG_WARN_EMPTY_BODY = YES;
				CLANG_WARN_ENUM_CONVERSION = YES;
				CLANG_WARN_INFINITE_RECURSION = YES;
				CLANG_WARN_INT_CONVERSION = YES;
				CLANG_WARN_NON_LITERAL_NULL_CONVERSION = YES;
				CLANG_WARN_OBJC_IMPLICIT_RETAIN_SELF = YES;
				CLANG_WARN_OBJC_LITERAL_CONVERSION = YES;
				CLANG_WARN_OBJC_ROOT_CLASS = YES_ERROR;
				CLANG_WARN_QUOTED_INCLUDE_IN_FRAMEWORK_HEADER = YES;
				CLANG_WARN_RANGE_LOOP_ANALYSIS = YES;
				CLANG_WARN_STRICT_PROTOTYPES = YES;
				CLANG_WARN_SUSPICIOUS_MOVE = YES;
				CLANG_WARN_UNGUARDED_AVAILABILITY = YES_AGGRESSIVE;
				CLANG_WARN_UNREACHABLE_CODE = YES;
				CLANG_WARN__DUPLICATE_METHOD_MATCH = YES;
				COPY_PHASE_STRIP = NO;
				DEBUG_INFORMATION_FORMAT = dwarf;
				ENABLE_STRICT_OBJC_MSGSEND = YES;
				ENABLE_TESTABILITY = YES;
				ENABLE_USER_SCRIPT_SANDBOXING = YES;
				GCC_C_LANGUAGE_STANDARD = gnu17;
				GCC_DYNAMIC_NO_PIC = NO;
				GCC_NO_COMMON_BLOCKS = YES;
				GCC_OPTIMIZATION_LEVEL = 0;
				GCC_PREPROCESSOR_DEFINITIONS = (
					"DEBUG=1",
					"$(inherited)",
				);
				GCC_WARN_64_TO_32_BIT_CONVERSION = YES;
				GCC_WARN_ABOUT_RETURN_TYPE = YES_ERROR;
				GCC_WARN_UNDECLARED_SELECTOR = YES;
				GCC_WARN_UNINITIALIZED_AUTOS = YES_AGGRESSIVE;
				GCC_WARN_UNUSED_FUNCTION = YES;
				GCC_WARN_UNUSED_VARIABLE = YES;
				IPHONEOS_DEPLOYMENT_TARGET = 18.0;
				LOCALIZATION_PREFERS_STRING_CATALOGS = YES;
				MTL_ENABLE_DEBUG_INFO = INCLUDE_SOURCE;
				MTL_FAST_MATH = YES;
				ONLY_ACTIVE_ARCH = YES;
				SDKROOT = iphoneos;
				SWIFT_ACTIVE_COMPILATION_CONDITIONS = "DEBUG $(inherited)";
				SWIFT_OPTIMIZATION_LEVEL = "-Onone";
			};
			name = Debug;
		};
		D04318C12CC8D7440077101C /* Release */ = {
			isa = XCBuildConfiguration;
			buildSettings = {
				ALWAYS_SEARCH_USER_PATHS = NO;
				ASSETCATALOG_COMPILER_GENERATE_SWIFT_ASSET_SYMBOL_EXTENSIONS = YES;
				CLANG_ANALYZER_NONNULL = YES;
				CLANG_ANALYZER_NUMBER_OBJECT_CONVERSION = YES_AGGRESSIVE;
				CLANG_CXX_LANGUAGE_STANDARD = "gnu++20";
				CLANG_ENABLE_MODULES = YES;
				CLANG_ENABLE_OBJC_ARC = YES;
				CLANG_ENABLE_OBJC_WEAK = YES;
				CLANG_WARN_BLOCK_CAPTURE_AUTORELEASING = YES;
				CLANG_WARN_BOOL_CONVERSION = YES;
				CLANG_WARN_COMMA = YES;
				CLANG_WARN_CONSTANT_CONVERSION = YES;
				CLANG_WARN_DEPRECATED_OBJC_IMPLEMENTATIONS = YES;
				CLANG_WARN_DIRECT_OBJC_ISA_USAGE = YES_ERROR;
				CLANG_WARN_DOCUMENTATION_COMMENTS = YES;
				CLANG_WARN_EMPTY_BODY = YES;
				CLANG_WARN_ENUM_CONVERSION = YES;
				CLANG_WARN_INFINITE_RECURSION = YES;
				CLANG_WARN_INT_CONVERSION = YES;
				CLANG_WARN_NON_LITERAL_NULL_CONVERSION = YES;
				CLANG_WARN_OBJC_IMPLICIT_RETAIN_SELF = YES;
				CLANG_WARN_OBJC_LITERAL_CONVERSION = YES;
				CLANG_WARN_OBJC_ROOT_CLASS = YES_ERROR;
				CLANG_WARN_QUOTED_INCLUDE_IN_FRAMEWORK_HEADER = YES;
				CLANG_WARN_RANGE_LOOP_ANALYSIS = YES;
				CLANG_WARN_STRICT_PROTOTYPES = YES;
				CLANG_WARN_SUSPICIOUS_MOVE = YES;
				CLANG_WARN_UNGUARDED_AVAILABILITY = YES_AGGRESSIVE;
				CLANG_WARN_UNREACHABLE_CODE = YES;
				CLANG_WARN__DUPLICATE_METHOD_MATCH = YES;
				COPY_PHASE_STRIP = NO;
				DEBUG_INFORMATION_FORMAT = "dwarf-with-dsym";
				ENABLE_NS_ASSERTIONS = NO;
				ENABLE_STRICT_OBJC_MSGSEND = YES;
				ENABLE_USER_SCRIPT_SANDBOXING = YES;
				GCC_C_LANGUAGE_STANDARD = gnu17;
				GCC_NO_COMMON_BLOCKS = YES;
				GCC_WARN_64_TO_32_BIT_CONVERSION = YES;
				GCC_WARN_ABOUT_RETURN_TYPE = YES_ERROR;
				GCC_WARN_UNDECLARED_SELECTOR = YES;
				GCC_WARN_UNINITIALIZED_AUTOS = YES_AGGRESSIVE;
				GCC_WARN_UNUSED_FUNCTION = YES;
				GCC_WARN_UNUSED_VARIABLE = YES;
				IPHONEOS_DEPLOYMENT_TARGET = 18.0;
				LOCALIZATION_PREFERS_STRING_CATALOGS = YES;
				MTL_ENABLE_DEBUG_INFO = NO;
				MTL_FAST_MATH = YES;
				SDKROOT = iphoneos;
				SWIFT_COMPILATION_MODE = wholemodule;
				VALIDATE_PRODUCT = YES;
			};
			name = Release;
		};
		D04318C32CC8D7440077101C /* Debug */ = {
			isa = XCBuildConfiguration;
			buildSettings = {
				ASSETCATALOG_COMPILER_APPICON_NAME = AppIcon;
				ASSETCATALOG_COMPILER_GLOBAL_ACCENT_COLOR_NAME = AccentColor;
				CODE_SIGN_STYLE = Automatic;
				CURRENT_PROJECT_VERSION = 1;
				DEVELOPMENT_ASSET_PATHS = "";
				DEVELOPMENT_TEAM = "";
				ENABLE_PREVIEWS = YES;
				GENERATE_INFOPLIST_FILE = YES;
				INFOPLIST_FILE = Examples/Resources/Info.plist;
				INFOPLIST_KEY_UIApplicationSceneManifest_Generation = YES;
				INFOPLIST_KEY_UIApplicationSupportsIndirectInputEvents = YES;
				INFOPLIST_KEY_UILaunchScreen_Generation = YES;
				INFOPLIST_KEY_UISupportedInterfaceOrientations_iPad = "UIInterfaceOrientationPortrait UIInterfaceOrientationPortraitUpsideDown UIInterfaceOrientationLandscapeLeft UIInterfaceOrientationLandscapeRight";
				INFOPLIST_KEY_UISupportedInterfaceOrientations_iPhone = "UIInterfaceOrientationPortrait UIInterfaceOrientationLandscapeLeft UIInterfaceOrientationLandscapeRight";
				IPHONEOS_DEPLOYMENT_TARGET = 16.0;
				LD_RUNPATH_SEARCH_PATHS = (
					"$(inherited)",
					"@executable_path/Frameworks",
				);
				MARKETING_VERSION = 1.0;
				PRODUCT_BUNDLE_IDENTIFIER = yourcompany.Examples;
				PRODUCT_NAME = "$(TARGET_NAME)";
				SWIFT_EMIT_LOC_STRINGS = YES;
				SWIFT_VERSION = 5.0;
				TARGETED_DEVICE_FAMILY = "1,2";
			};
			name = Debug;
		};
		D04318C42CC8D7440077101C /* Release */ = {
			isa = XCBuildConfiguration;
			buildSettings = {
				ASSETCATALOG_COMPILER_APPICON_NAME = AppIcon;
				ASSETCATALOG_COMPILER_GLOBAL_ACCENT_COLOR_NAME = AccentColor;
				CODE_SIGN_STYLE = Automatic;
				CURRENT_PROJECT_VERSION = 1;
				DEVELOPMENT_ASSET_PATHS = "";
				DEVELOPMENT_TEAM = "";
				ENABLE_PREVIEWS = YES;
				GENERATE_INFOPLIST_FILE = YES;
				INFOPLIST_FILE = Examples/Resources/Info.plist;
				INFOPLIST_KEY_UIApplicationSceneManifest_Generation = YES;
				INFOPLIST_KEY_UIApplicationSupportsIndirectInputEvents = YES;
				INFOPLIST_KEY_UILaunchScreen_Generation = YES;
				INFOPLIST_KEY_UISupportedInterfaceOrientations_iPad = "UIInterfaceOrientationPortrait UIInterfaceOrientationPortraitUpsideDown UIInterfaceOrientationLandscapeLeft UIInterfaceOrientationLandscapeRight";
				INFOPLIST_KEY_UISupportedInterfaceOrientations_iPhone = "UIInterfaceOrientationPortrait UIInterfaceOrientationLandscapeLeft UIInterfaceOrientationLandscapeRight";
				IPHONEOS_DEPLOYMENT_TARGET = 16.0;
				LD_RUNPATH_SEARCH_PATHS = (
					"$(inherited)",
					"@executable_path/Frameworks",
				);
				MARKETING_VERSION = 1.0;
				PRODUCT_BUNDLE_IDENTIFIER = yourcompany.Examples;
				PRODUCT_NAME = "$(TARGET_NAME)";
				SWIFT_EMIT_LOC_STRINGS = YES;
				SWIFT_VERSION = 5.0;
				TARGETED_DEVICE_FAMILY = "1,2";
			};
			name = Release;
		};
/* End XCBuildConfiguration section */

/* Begin XCConfigurationList section */
		D04318AD2CC8D7430077101C /* Build configuration list for PBXProject "Examples" */ = {
			isa = XCConfigurationList;
			buildConfigurations = (
				D04318C02CC8D7440077101C /* Debug */,
				D04318C12CC8D7440077101C /* Release */,
			);
			defaultConfigurationIsVisible = 0;
			defaultConfigurationName = Release;
		};
		D04318C22CC8D7440077101C /* Build configuration list for PBXNativeTarget "Examples" */ = {
			isa = XCConfigurationList;
			buildConfigurations = (
				D04318C32CC8D7440077101C /* Debug */,
				D04318C42CC8D7440077101C /* Release */,
			);
			defaultConfigurationIsVisible = 0;
			defaultConfigurationName = Release;
		};
/* End XCConfigurationList section */

/* Begin XCLocalSwiftPackageReference section */
		D00BB9022D4009FA00ED9CD9 /* XCLocalSwiftPackageReference "../SwiftUINavigation" */ = {
			isa = XCLocalSwiftPackageReference;
			relativePath = ../SwiftUINavigation;
		};
		D07112482D59194900320732 /* XCLocalSwiftPackageReference "Examples/Modules/Subscription" */ = {
			isa = XCLocalSwiftPackageReference;
			relativePath = Examples/Modules/Subscription;
		};
		D071124B2D59195700320732 /* XCLocalSwiftPackageReference "Examples/Modules/OnboardingQuestion" */ = {
			isa = XCLocalSwiftPackageReference;
			relativePath = Examples/Modules/OnboardingQuestion;
		};
		D071124E2D59195E00320732 /* XCLocalSwiftPackageReference "Examples/Modules/OnboardingResult" */ = {
			isa = XCLocalSwiftPackageReference;
			relativePath = Examples/Modules/OnboardingResult;
		};
		D07112522D591A9000320732 /* XCLocalSwiftPackageReference "Examples/Shared/Shared" */ = {
			isa = XCLocalSwiftPackageReference;
			relativePath = Examples/Shared/Shared;
		};
		D09DB60E2D32F5040050E44C /* XCLocalSwiftPackageReference "Examples/Modules/Waiting" */ = {
			isa = XCLocalSwiftPackageReference;
			relativePath = Examples/Modules/Waiting;
		};
		D0EB4DC02CD6420D0052F1AC /* XCLocalSwiftPackageReference "Examples/Modules/App" */ = {
			isa = XCLocalSwiftPackageReference;
			relativePath = Examples/Modules/App;
		};
/* End XCLocalSwiftPackageReference section */

/* Begin XCSwiftPackageProductDependency section */
		D00BB9032D4009FA00ED9CD9 /* SwiftUINavigation */ = {
			isa = XCSwiftPackageProductDependency;
			productName = SwiftUINavigation;
		};
		D05F77D32D5913420089CF14 /* Shared */ = {
			isa = XCSwiftPackageProductDependency;
			productName = Shared;
		};
		D07112492D59194900320732 /* Subscription */ = {
			isa = XCSwiftPackageProductDependency;
			productName = Subscription;
		};
		D071124C2D59195700320732 /* OnboardingQuestion */ = {
			isa = XCSwiftPackageProductDependency;
			productName = OnboardingQuestion;
		};
		D071124F2D59195E00320732 /* OnboardingResult */ = {
			isa = XCSwiftPackageProductDependency;
			productName = OnboardingResult;
		};
		D07112532D591A9000320732 /* Shared */ = {
			isa = XCSwiftPackageProductDependency;
			productName = Shared;
		};
		D09DB60F2D32F5040050E44C /* Waiting */ = {
			isa = XCSwiftPackageProductDependency;
			productName = Waiting;
		};
		D0EB4DC12CD6420D0052F1AC /* App */ = {
			isa = XCSwiftPackageProductDependency;
			productName = App;
		};
/* End XCSwiftPackageProductDependency section */
	};
	rootObject = D04318AA2CC8D7430077101C /* Project object */;
}
