// !$*UTF8*$!
{
	archiveVersion = 1;
	classes = {
	};
	objectVersion = 77;
	objects = {

/* Begin PBXBuildFile section */
		D04318D32CC8D85E0077101C /* SwiftUINavigation in Frameworks */ = {isa = PBXBuildFile; productRef = D04318D22CC8D85E0077101C /* SwiftUINavigation */; };
		D04319512CC8EB380077101C /* ExamplesNavigation in Frameworks */ = {isa = PBXBuildFile; productRef = D04319502CC8EB380077101C /* ExamplesNavigation */; };
		D0746C752CCA68BD00D26F9F /* UserRepository in Frameworks */ = {isa = PBXBuildFile; productRef = D0746C742CCA68BD00D26F9F /* UserRepository */; };
		D0EB4DC22CD6420D0052F1AC /* App in Frameworks */ = {isa = PBXBuildFile; productRef = D0EB4DC12CD6420D0052F1AC /* App */; };
		D0EB4E3F2CD783F50052F1AC /* ExamplesNavigationDeepLinkHandler in Frameworks */ = {isa = PBXBuildFile; productRef = D0EB4E3E2CD783F50052F1AC /* ExamplesNavigationDeepLinkHandler */; };
/* End PBXBuildFile section */

/* Begin PBXFileReference section */
		D04318B22CC8D7430077101C /* Examples.app */ = {isa = PBXFileReference; explicitFileType = wrapper.application; includeInIndex = 0; path = Examples.app; sourceTree = BUILT_PRODUCTS_DIR; };
/* End PBXFileReference section */

/* Begin PBXFileSystemSynchronizedBuildFileExceptionSet section */
		D04319402CC8E9A10077101C /* Exceptions for "Examples" folder in "Examples" target */ = {
			isa = PBXFileSystemSynchronizedBuildFileExceptionSet;
			membershipExceptions = (
				Modules/App,
				Modules/MainTabs,
				Modules/ModuleA,
				Modules/ModuleB,
				Modules/Start,
				Navigation/ExamplesNavigation,
				Services/UserRepository,
			);
			target = D04318B12CC8D7430077101C /* Examples */;
		};
/* End PBXFileSystemSynchronizedBuildFileExceptionSet section */

/* Begin PBXFileSystemSynchronizedRootGroup section */
		D04318B42CC8D7430077101C /* Examples */ = {
			isa = PBXFileSystemSynchronizedRootGroup;
			exceptions = (
				D04319402CC8E9A10077101C /* Exceptions for "Examples" folder in "Examples" target */,
			);
			path = Examples;
			sourceTree = "<group>";
		};
/* End PBXFileSystemSynchronizedRootGroup section */

/* Begin PBXFrameworksBuildPhase section */
		D04318AF2CC8D7430077101C /* Frameworks */ = {
			isa = PBXFrameworksBuildPhase;
			buildActionMask = 2147483647;
			files = (
				D0EB4DC22CD6420D0052F1AC /* App in Frameworks */,
				D04319512CC8EB380077101C /* ExamplesNavigation in Frameworks */,
				D0746C752CCA68BD00D26F9F /* UserRepository in Frameworks */,
				D0EB4E3F2CD783F50052F1AC /* ExamplesNavigationDeepLinkHandler in Frameworks */,
				D04318D32CC8D85E0077101C /* SwiftUINavigation in Frameworks */,
			);
			runOnlyForDeploymentPostprocessing = 0;
		};
/* End PBXFrameworksBuildPhase section */

/* Begin PBXGroup section */
		D04318A92CC8D7430077101C = {
			isa = PBXGroup;
			children = (
				D04318B42CC8D7430077101C /* Examples */,
				D04318B32CC8D7430077101C /* Products */,
			);
			sourceTree = "<group>";
		};
		D04318B32CC8D7430077101C /* Products */ = {
			isa = PBXGroup;
			children = (
				D04318B22CC8D7430077101C /* Examples.app */,
			);
			name = Products;
			sourceTree = "<group>";
		};
/* End PBXGroup section */

/* Begin PBXNativeTarget section */
		D04318B12CC8D7430077101C /* Examples */ = {
			isa = PBXNativeTarget;
			buildConfigurationList = D04318C22CC8D7440077101C /* Build configuration list for PBXNativeTarget "Examples" */;
			buildPhases = (
				D04318AE2CC8D7430077101C /* Sources */,
				D04318AF2CC8D7430077101C /* Frameworks */,
				D04318B02CC8D7430077101C /* Resources */,
			);
			buildRules = (
			);
			dependencies = (
			);
			fileSystemSynchronizedGroups = (
				D04318B42CC8D7430077101C /* Examples */,
			);
			name = Examples;
			packageProductDependencies = (
				D04318D22CC8D85E0077101C /* SwiftUINavigation */,
				D04319502CC8EB380077101C /* ExamplesNavigation */,
				D0746C742CCA68BD00D26F9F /* UserRepository */,
				D0EB4DC12CD6420D0052F1AC /* App */,
				D0EB4E3E2CD783F50052F1AC /* ExamplesNavigationDeepLinkHandler */,
			);
			productName = Examples;
			productReference = D04318B22CC8D7430077101C /* Examples.app */;
			productType = "com.apple.product-type.application";
		};
/* End PBXNativeTarget section */

/* Begin PBXProject section */
		D04318AA2CC8D7430077101C /* Project object */ = {
			isa = PBXProject;
			attributes = {
				BuildIndependentTargetsInParallel = 1;
				LastSwiftUpdateCheck = 1600;
				LastUpgradeCheck = 1600;
				TargetAttributes = {
					D04318B12CC8D7430077101C = {
						CreatedOnToolsVersion = 16.0;
					};
				};
			};
			buildConfigurationList = D04318AD2CC8D7430077101C /* Build configuration list for PBXProject "Examples" */;
			developmentRegion = en;
			hasScannedForEncodings = 0;
			knownRegions = (
				en,
				Base,
			);
			mainGroup = D04318A92CC8D7430077101C;
			minimizedProjectReferenceProxies = 1;
			packageReferences = (
				D04318D12CC8D85E0077101C /* XCLocalSwiftPackageReference "../../SwiftUINavigation" */,
				D043194F2CC8EB380077101C /* XCLocalSwiftPackageReference "Examples/Navigation/ExamplesNavigation" */,
				D0746C732CCA68BD00D26F9F /* XCLocalSwiftPackageReference "Examples/Services/UserRepository" */,
				D0EB4DC02CD6420D0052F1AC /* XCLocalSwiftPackageReference "Examples/Modules/App" */,
				D0EB4E3D2CD783F50052F1AC /* XCLocalSwiftPackageReference "Examples/Navigation/ExamplesNavigationDeepLinkHandler" */,
			);
			preferredProjectObjectVersion = 77;
			productRefGroup = D04318B32CC8D7430077101C /* Products */;
			projectDirPath = "";
			projectRoot = "";
			targets = (
				D04318B12CC8D7430077101C /* Examples */,
			);
		};
/* End PBXProject section */

/* Begin PBXResourcesBuildPhase section */
		D04318B02CC8D7430077101C /* Resources */ = {
			isa = PBXResourcesBuildPhase;
			buildActionMask = 2147483647;
			files = (
			);
			runOnlyForDeploymentPostprocessing = 0;
		};
/* End PBXResourcesBuildPhase section */

/* Begin PBXSourcesBuildPhase section */
		D04318AE2CC8D7430077101C /* Sources */ = {
			isa = PBXSourcesBuildPhase;
			buildActionMask = 2147483647;
			files = (
			);
			runOnlyForDeploymentPostprocessing = 0;
		};
/* End PBXSourcesBuildPhase section */

/* Begin XCBuildConfiguration section */
		D04318C02CC8D7440077101C /* Debug */ = {
			isa = XCBuildConfiguration;
			buildSettings = {
				ALWAYS_SEARCH_USER_PATHS = NO;
				ASSETCATALOG_COMPILER_GENERATE_SWIFT_ASSET_SYMBOL_EXTENSIONS = YES;
				CLANG_ANALYZER_NONNULL = YES;
				CLANG_ANALYZER_NUMBER_OBJECT_CONVERSION = YES_AGGRESSIVE;
				CLANG_CXX_LANGUAGE_STANDARD = "gnu++20";
				CLANG_ENABLE_MODULES = YES;
				CLANG_ENABLE_OBJC_ARC = YES;
				CLANG_ENABLE_OBJC_WEAK = YES;
				CLANG_WARN_BLOCK_CAPTURE_AUTORELEASING = YES;
				CLANG_WARN_BOOL_CONVERSION = YES;
				CLANG_WARN_COMMA = YES;
				CLANG_WARN_CONSTANT_CONVERSION = YES;
				CLANG_WARN_DEPRECATED_OBJC_IMPLEMENTATIONS = YES;
				CLANG_WARN_DIRECT_OBJC_ISA_USAGE = YES_ERROR;
				CLANG_WARN_DOCUMENTATION_COMMENTS = YES;
				CLANG_WARN_EMPTY_BODY = YES;
				CLANG_WARN_ENUM_CONVERSION = YES;
				CLANG_WARN_INFINITE_RECURSION = YES;
				CLANG_WARN_INT_CONVERSION = YES;
				CLANG_WARN_NON_LITERAL_NULL_CONVERSION = YES;
				CLANG_WARN_OBJC_IMPLICIT_RETAIN_SELF = YES;
				CLANG_WARN_OBJC_LITERAL_CONVERSION = YES;
				CLANG_WARN_OBJC_ROOT_CLASS = YES_ERROR;
				CLANG_WARN_QUOTED_INCLUDE_IN_FRAMEWORK_HEADER = YES;
				CLANG_WARN_RANGE_LOOP_ANALYSIS = YES;
				CLANG_WARN_STRICT_PROTOTYPES = YES;
				CLANG_WARN_SUSPICIOUS_MOVE = YES;
				CLANG_WARN_UNGUARDED_AVAILABILITY = YES_AGGRESSIVE;
				CLANG_WARN_UNREACHABLE_CODE = YES;
				CLANG_WARN__DUPLICATE_METHOD_MATCH = YES;
				COPY_PHASE_STRIP = NO;
				DEBUG_INFORMATION_FORMAT = dwarf;
				ENABLE_STRICT_OBJC_MSGSEND = YES;
				ENABLE_TESTABILITY = YES;
				ENABLE_USER_SCRIPT_SANDBOXING = YES;
				GCC_C_LANGUAGE_STANDARD = gnu17;
				GCC_DYNAMIC_NO_PIC = NO;
				GCC_NO_COMMON_BLOCKS = YES;
				GCC_OPTIMIZATION_LEVEL = 0;
				GCC_PREPROCESSOR_DEFINITIONS = (
					"DEBUG=1",
					"$(inherited)",
				);
				GCC_WARN_64_TO_32_BIT_CONVERSION = YES;
				GCC_WARN_ABOUT_RETURN_TYPE = YES_ERROR;
				GCC_WARN_UNDECLARED_SELECTOR = YES;
				GCC_WARN_UNINITIALIZED_AUTOS = YES_AGGRESSIVE;
				GCC_WARN_UNUSED_FUNCTION = YES;
				GCC_WARN_UNUSED_VARIABLE = YES;
				IPHONEOS_DEPLOYMENT_TARGET = 18.0;
				LOCALIZATION_PREFERS_STRING_CATALOGS = YES;
				MTL_ENABLE_DEBUG_INFO = INCLUDE_SOURCE;
				MTL_FAST_MATH = YES;
				ONLY_ACTIVE_ARCH = YES;
				SDKROOT = iphoneos;
				SWIFT_ACTIVE_COMPILATION_CONDITIONS = "DEBUG $(inherited)";
				SWIFT_OPTIMIZATION_LEVEL = "-Onone";
			};
			name = Debug;
		};
		D04318C12CC8D7440077101C /* Release */ = {
			isa = XCBuildConfiguration;
			buildSettings = {
				ALWAYS_SEARCH_USER_PATHS = NO;
				ASSETCATALOG_COMPILER_GENERATE_SWIFT_ASSET_SYMBOL_EXTENSIONS = YES;
				CLANG_ANALYZER_NONNULL = YES;
				CLANG_ANALYZER_NUMBER_OBJECT_CONVERSION = YES_AGGRESSIVE;
				CLANG_CXX_LANGUAGE_STANDARD = "gnu++20";
				CLANG_ENABLE_MODULES = YES;
				CLANG_ENABLE_OBJC_ARC = YES;
				CLANG_ENABLE_OBJC_WEAK = YES;
				CLANG_WARN_BLOCK_CAPTURE_AUTORELEASING = YES;
				CLANG_WARN_BOOL_CONVERSION = YES;
				CLANG_WARN_COMMA = YES;
				CLANG_WARN_CONSTANT_CONVERSION = YES;
				CLANG_WARN_DEPRECATED_OBJC_IMPLEMENTATIONS = YES;
				CLANG_WARN_DIRECT_OBJC_ISA_USAGE = YES_ERROR;
				CLANG_WARN_DOCUMENTATION_COMMENTS = YES;
				CLANG_WARN_EMPTY_BODY = YES;
				CLANG_WARN_ENUM_CONVERSION = YES;
				CLANG_WARN_INFINITE_RECURSION = YES;
				CLANG_WARN_INT_CONVERSION = YES;
				CLANG_WARN_NON_LITERAL_NULL_CONVERSION = YES;
				CLANG_WARN_OBJC_IMPLICIT_RETAIN_SELF = YES;
				CLANG_WARN_OBJC_LITERAL_CONVERSION = YES;
				CLANG_WARN_OBJC_ROOT_CLASS = YES_ERROR;
				CLANG_WARN_QUOTED_INCLUDE_IN_FRAMEWORK_HEADER = YES;
				CLANG_WARN_RANGE_LOOP_ANALYSIS = YES;
				CLANG_WARN_STRICT_PROTOTYPES = YES;
				CLANG_WARN_SUSPICIOUS_MOVE = YES;
				CLANG_WARN_UNGUARDED_AVAILABILITY = YES_AGGRESSIVE;
				CLANG_WARN_UNREACHABLE_CODE = YES;
				CLANG_WARN__DUPLICATE_METHOD_MATCH = YES;
				COPY_PHASE_STRIP = NO;
				DEBUG_INFORMATION_FORMAT = "dwarf-with-dsym";
				ENABLE_NS_ASSERTIONS = NO;
				ENABLE_STRICT_OBJC_MSGSEND = YES;
				ENABLE_USER_SCRIPT_SANDBOXING = YES;
				GCC_C_LANGUAGE_STANDARD = gnu17;
				GCC_NO_COMMON_BLOCKS = YES;
				GCC_WARN_64_TO_32_BIT_CONVERSION = YES;
				GCC_WARN_ABOUT_RETURN_TYPE = YES_ERROR;
				GCC_WARN_UNDECLARED_SELECTOR = YES;
				GCC_WARN_UNINITIALIZED_AUTOS = YES_AGGRESSIVE;
				GCC_WARN_UNUSED_FUNCTION = YES;
				GCC_WARN_UNUSED_VARIABLE = YES;
				IPHONEOS_DEPLOYMENT_TARGET = 18.0;
				LOCALIZATION_PREFERS_STRING_CATALOGS = YES;
				MTL_ENABLE_DEBUG_INFO = NO;
				MTL_FAST_MATH = YES;
				SDKROOT = iphoneos;
				SWIFT_COMPILATION_MODE = wholemodule;
				VALIDATE_PRODUCT = YES;
			};
			name = Release;
		};
		D04318C32CC8D7440077101C /* Debug */ = {
			isa = XCBuildConfiguration;
			buildSettings = {
				ASSETCATALOG_COMPILER_APPICON_NAME = AppIcon;
				ASSETCATALOG_COMPILER_GLOBAL_ACCENT_COLOR_NAME = AccentColor;
				CODE_SIGN_STYLE = Automatic;
				CURRENT_PROJECT_VERSION = 1;
				DEVELOPMENT_ASSET_PATHS = "";
				DEVELOPMENT_TEAM = 4Z52AAGX2K;
				ENABLE_PREVIEWS = YES;
				GENERATE_INFOPLIST_FILE = YES;
				INFOPLIST_KEY_UIApplicationSceneManifest_Generation = YES;
				INFOPLIST_KEY_UIApplicationSupportsIndirectInputEvents = YES;
				INFOPLIST_KEY_UILaunchScreen_Generation = YES;
				INFOPLIST_KEY_UISupportedInterfaceOrientations_iPad = "UIInterfaceOrientationPortrait UIInterfaceOrientationPortraitUpsideDown UIInterfaceOrientationLandscapeLeft UIInterfaceOrientationLandscapeRight";
				INFOPLIST_KEY_UISupportedInterfaceOrientations_iPhone = "UIInterfaceOrientationPortrait UIInterfaceOrientationLandscapeLeft UIInterfaceOrientationLandscapeRight";
				IPHONEOS_DEPLOYMENT_TARGET = 16.0;
				LD_RUNPATH_SEARCH_PATHS = (
					"$(inherited)",
					"@executable_path/Frameworks",
				);
				MARKETING_VERSION = 1.0;
				PRODUCT_BUNDLE_IDENTIFIER = yourcompany.Examples;
				PRODUCT_NAME = "$(TARGET_NAME)";
				SWIFT_EMIT_LOC_STRINGS = YES;
				SWIFT_VERSION = 5.0;
				TARGETED_DEVICE_FAMILY = "1,2";
			};
			name = Debug;
		};
		D04318C42CC8D7440077101C /* Release */ = {
			isa = XCBuildConfiguration;
			buildSettings = {
				ASSETCATALOG_COMPILER_APPICON_NAME = AppIcon;
				ASSETCATALOG_COMPILER_GLOBAL_ACCENT_COLOR_NAME = AccentColor;
				CODE_SIGN_STYLE = Automatic;
				CURRENT_PROJECT_VERSION = 1;
				DEVELOPMENT_ASSET_PATHS = "";
				DEVELOPMENT_TEAM = 4Z52AAGX2K;
				ENABLE_PREVIEWS = YES;
				GENERATE_INFOPLIST_FILE = YES;
				INFOPLIST_KEY_UIApplicationSceneManifest_Generation = YES;
				INFOPLIST_KEY_UIApplicationSupportsIndirectInputEvents = YES;
				INFOPLIST_KEY_UILaunchScreen_Generation = YES;
				INFOPLIST_KEY_UISupportedInterfaceOrientations_iPad = "UIInterfaceOrientationPortrait UIInterfaceOrientationPortraitUpsideDown UIInterfaceOrientationLandscapeLeft UIInterfaceOrientationLandscapeRight";
				INFOPLIST_KEY_UISupportedInterfaceOrientations_iPhone = "UIInterfaceOrientationPortrait UIInterfaceOrientationLandscapeLeft UIInterfaceOrientationLandscapeRight";
				IPHONEOS_DEPLOYMENT_TARGET = 16.0;
				LD_RUNPATH_SEARCH_PATHS = (
					"$(inherited)",
					"@executable_path/Frameworks",
				);
				MARKETING_VERSION = 1.0;
				PRODUCT_BUNDLE_IDENTIFIER = yourcompany.Examples;
				PRODUCT_NAME = "$(TARGET_NAME)";
				SWIFT_EMIT_LOC_STRINGS = YES;
				SWIFT_VERSION = 5.0;
				TARGETED_DEVICE_FAMILY = "1,2";
			};
			name = Release;
		};
/* End XCBuildConfiguration section */

/* Begin XCConfigurationList section */
		D04318AD2CC8D7430077101C /* Build configuration list for PBXProject "Examples" */ = {
			isa = XCConfigurationList;
			buildConfigurations = (
				D04318C02CC8D7440077101C /* Debug */,
				D04318C12CC8D7440077101C /* Release */,
			);
			defaultConfigurationIsVisible = 0;
			defaultConfigurationName = Release;
		};
		D04318C22CC8D7440077101C /* Build configuration list for PBXNativeTarget "Examples" */ = {
			isa = XCConfigurationList;
			buildConfigurations = (
				D04318C32CC8D7440077101C /* Debug */,
				D04318C42CC8D7440077101C /* Release */,
			);
			defaultConfigurationIsVisible = 0;
			defaultConfigurationName = Release;
		};
/* End XCConfigurationList section */

/* Begin XCLocalSwiftPackageReference section */
		D04318D12CC8D85E0077101C /* XCLocalSwiftPackageReference "../../SwiftUINavigation" */ = {
			isa = XCLocalSwiftPackageReference;
			relativePath = ../../SwiftUINavigation;
		};
		D043194F2CC8EB380077101C /* XCLocalSwiftPackageReference "Examples/Navigation/ExamplesNavigation" */ = {
			isa = XCLocalSwiftPackageReference;
			relativePath = Examples/Navigation/ExamplesNavigation;
		};
		D0746C732CCA68BD00D26F9F /* XCLocalSwiftPackageReference "Examples/Services/UserRepository" */ = {
			isa = XCLocalSwiftPackageReference;
			relativePath = Examples/Services/UserRepository;
		};
		D0EB4DC02CD6420D0052F1AC /* XCLocalSwiftPackageReference "Examples/Modules/App" */ = {
			isa = XCLocalSwiftPackageReference;
			relativePath = Examples/Modules/App;
		};
		D0EB4E3D2CD783F50052F1AC /* XCLocalSwiftPackageReference "Examples/Navigation/ExamplesNavigationDeepLinkHandler" */ = {
			isa = XCLocalSwiftPackageReference;
			relativePath = Examples/Navigation/ExamplesNavigationDeepLinkHandler;
		};
/* End XCLocalSwiftPackageReference section */

/* Begin XCSwiftPackageProductDependency section */
		D04318D22CC8D85E0077101C /* SwiftUINavigation */ = {
			isa = XCSwiftPackageProductDependency;
			productName = SwiftUINavigation;
		};
		D04319502CC8EB380077101C /* ExamplesNavigation */ = {
			isa = XCSwiftPackageProductDependency;
			productName = ExamplesNavigation;
		};
		D0746C742CCA68BD00D26F9F /* UserRepository */ = {
			isa = XCSwiftPackageProductDependency;
			productName = UserRepository;
		};
		D0EB4DC12CD6420D0052F1AC /* App */ = {
			isa = XCSwiftPackageProductDependency;
			productName = App;
		};
		D0EB4E3E2CD783F50052F1AC /* ExamplesNavigationDeepLinkHandler */ = {
			isa = XCSwiftPackageProductDependency;
			productName = ExamplesNavigationDeepLinkHandler;
		};
/* End XCSwiftPackageProductDependency section */
	};
	rootObject = D04318AA2CC8D7430077101C /* Project object */;
}
